{
  "name": "curslo-string-utilities",
  "version": "1.0.0",
  "lockfileVersion": 3,
  "requires": true,
  "packages": {
    "": {
      "name": "curslo-string-utilities",
      "version": "1.0.0",
      "license": "MIT",
      "dependencies": {
        "curslo-string-utilities": "^1.0.0"
      }
    },
    "node_modules/curslo-string-utilities": {
      "version": "1.0.0",
      "resolved": "https://registry.npmjs.org/curslo-string-utilities/-/curslo-string-utilities-1.0.0.tgz",
      "integrity": "sha512-O0EZ5Y9sfNy5KP6mF+p2C9GvULyISoRa4TWXcreBwwXRWr4/NsZnKwp1BWDuXCp1RzZDoEKg3lkHGnBnJcvgGg==",
      "license": "MIT"
    }
  }
}
